{"SurveyEntry":{"SurveyID":"SV_9FEZeAf4THhZKZM","SurveyName":"Perspective Transfer Draft","SurveyDescription":null,"SurveyOwnerID":"UR_eQIoDvIWwQ5HkhM","SurveyBrandID":"rug","DivisionID":null,"SurveyLanguage":"EN","SurveyActiveResponseSet":"RS_54EOH5vTl9JZcuW","SurveyStatus":"Active","SurveyStartDate":"0000-00-00 00:00:00","SurveyExpirationDate":"0000-00-00 00:00:00","SurveyCreationDate":"2022-12-08 02:51:21","CreatorID":"UR_eQIoDvIWwQ5HkhM","LastModified":"2023-01-10 02:01:05","LastAccessed":"0000-00-00 00:00:00","LastActivated":"2022-12-09 03:46:30","Deleted":null},"SurveyElements":[{"SurveyID":"SV_9FEZeAf4THhZKZM","Element":"BL","PrimaryAttribute":"Survey Blocks","SecondaryAttribute":null,"TertiaryAttribute":null,"Payload":[{"Type":"Default","Description":"Default Question Block","ID":"BL_a2IXAuB75tA8rI2","BlockElements":[{"Type":"Question","QuestionID":"QID2"},{"Type":"Question","QuestionID":"QID1"},{"Type":"Question","QuestionID":"QID4"},{"Type":"Question","QuestionID":"QID5"},{"Type":"Question","QuestionID":"QID6"}]},{"Type":"Trash","Description":"Trash \/ Unused Questions","ID":"BL_71btHHM5VUYmVDg","BlockElements":[{"Type":"Question","QuestionID":"QID3"}]},{"Type":"Standard","SubType":"","Description":"Imported Block 1 - Jan 10, 2023","ID":"BL_cFUzZHa0n2O5br8","BlockElements":[{"Type":"Question","QuestionID":"QID7"},{"Type":"Question","QuestionID":"QID8"},{"Type":"Question","QuestionID":"QID9"},{"Type":"Question","QuestionID":"QID10"}]}]},{"SurveyID":"SV_9FEZeAf4THhZKZM","Element":"FL","PrimaryAttribute":"Survey Flow","SecondaryAttribute":null,"TertiaryAttribute":null,"Payload":{"Flow":[{"ID":"BL_a2IXAuB75tA8rI2","Type":"Block","FlowID":"FL_2"},{"ID":"BL_cFUzZHa0n2O5br8","Type":"Standard","FlowID":"FL_3"}],"Properties":{"Count":3},"FlowID":"FL_1","Type":"Root"}},{"SurveyID":"SV_9FEZeAf4THhZKZM","Element":"PL","PrimaryAttribute":"Preview Link","SecondaryAttribute":null,"TertiaryAttribute":null,"Payload":{"PreviewType":"Brand","PreviewID":"28676a5d-baad-415d-b0e6-fca6efa2662d"}},{"SurveyID":"SV_9FEZeAf4THhZKZM","Element":"SO","PrimaryAttribute":"Survey Options","SecondaryAttribute":null,"TertiaryAttribute":null,"Payload":{"BackButton":"false","SaveAndContinue":"true","SurveyProtection":"PublicSurvey","BallotBoxStuffingPrevention":"false","NoIndex":"Yes","SecureResponseFiles":"true","SurveyExpiration":"None","SurveyTermination":"DefaultMessage","Header":"","Footer":"","ProgressBarDisplay":"None","PartialData":"+1 week","ValidationMessage":"","PreviousButton":"","NextButton":"","SurveyTitle":"Qualtrics Survey | Qualtrics Experience Management","SkinLibrary":"rug","SkinType":"MQ","Skin":"rug3","NewScoring":1,"SurveyMetaDescription":"The most powerful, simple and trusted way to gather experience data. Start your journey to experience management and try a free account today.","ProtectSelectionIds":true}},{"SurveyID":"SV_9FEZeAf4THhZKZM","Element":"SCO","PrimaryAttribute":"Scoring","SecondaryAttribute":null,"TertiaryAttribute":null,"Payload":{"ScoringCategories":[],"ScoringCategoryGroups":[],"ScoringSummaryCategory":null,"ScoringSummaryAfterQuestions":0,"ScoringSummaryAfterSurvey":0,"DefaultScoringCategory":null,"AutoScoringCategory":null}},{"SurveyID":"SV_9FEZeAf4THhZKZM","Element":"PROJ","PrimaryAttribute":"CORE","SecondaryAttribute":null,"TertiaryAttribute":"1.1.0","Payload":{"ProjectCategory":"CORE","SchemaVersion":"1.1.0"}},{"SurveyID":"SV_9FEZeAf4THhZKZM","Element":"STAT","PrimaryAttribute":"Survey Statistics","SecondaryAttribute":null,"TertiaryAttribute":null,"Payload":{"MobileCompatible":true,"ID":"Survey Statistics"}},{"SurveyID":"SV_9FEZeAf4THhZKZM","Element":"QC","PrimaryAttribute":"Survey Question Count","SecondaryAttribute":"10","TertiaryAttribute":null,"Payload":null},{"SurveyID":"SV_9FEZeAf4THhZKZM","Element":"SQ","PrimaryAttribute":"QID5","SecondaryAttribute":"\u00ab Come pu\u00f2 la gente continuare a uccidere le donne , quando ci sono gi\u00e0 state due morti ? \u00bb","TertiaryAttribute":null,"Payload":{"QuestionText":"\u00ab Come pu\u00f2 la gente continuare a uccidere le donne , quando ci sono gi\u00e0 state due morti ? \u00bb","DefaultChoices":false,"DataExportTag":"Q5","QuestionType":"SS","Selector":"TA","DataVisibility":{"Private":false,"Hidden":false},"Configuration":{"QuestionDescriptionOption":"UseText"},"QuestionDescription":"\u00ab Come pu\u00f2 la gente continuare a uccidere le donne , quando ci sono gi\u00e0 state due morti ? \u00bb","Validation":{"Settings":{"ForceResponse":"OFF"}},"GradingData":[],"Language":[],"NextChoiceId":34,"NextAnswerId":1,"Category":"Gauges","Scale":"TenGauge","Choices":[{"Display":"0"},{"Display":1},{"Display":2},{"Display":3},{"Display":4},{"Display":5},{"Display":6},{"Display":7},{"Display":8},{"Display":9},{"Display":10}],"QuestionID":"QID5"}},{"SurveyID":"SV_9FEZeAf4THhZKZM","Element":"SQ","PrimaryAttribute":"QID4","SecondaryAttribute":"\u00ab Come vuole che ci si senta , quando ci sono stati due femminicidi ? \u00bb","TertiaryAttribute":null,"Payload":{"QuestionText":"\u00ab Come vuole che ci si senta , quando ci sono stati due femminicidi ? \u00bb","DefaultChoices":false,"DataExportTag":"Q4","QuestionType":"SS","Selector":"TA","DataVisibility":{"Private":false,"Hidden":false},"Configuration":{"QuestionDescriptionOption":"UseText"},"QuestionDescription":"\u00ab Come vuole che ci si senta , quando ci sono stati due femminicidi ? \u00bb","Validation":{"Settings":{"ForceResponse":"OFF"}},"GradingData":[],"Language":[],"NextChoiceId":23,"NextAnswerId":1,"Category":"Gauges","Scale":"TenGauge","Choices":[{"Display":"0"},{"Display":1},{"Display":2},{"Display":3},{"Display":4},{"Display":5},{"Display":6},{"Display":7},{"Display":8},{"Display":9},{"Display":10}],"QuestionID":"QID4"}},{"SurveyID":"SV_9FEZeAf4THhZKZM","Element":"SQ","PrimaryAttribute":"QID1","SecondaryAttribute":"\u00ab Come vuole che ci si senta , quando ci sono stati due morti ? \u00bb","TertiaryAttribute":null,"Payload":{"QuestionText":"\u00ab Come vuole che ci si senta , quando ci sono stati due morti ? \u00bb<br>","DefaultChoices":false,"DataExportTag":"Q1","QuestionID":"QID1","QuestionType":"SS","Selector":"TA","Configuration":{"QuestionDescriptionOption":"UseText"},"QuestionDescription":"\u00ab Come vuole che ci si senta , quando ci sono stati due morti ? \u00bb","Validation":{"Settings":{"ForceResponse":"OFF"}},"GradingData":[],"Language":[],"NextChoiceId":12,"NextAnswerId":1,"Category":"Gauges","Scale":"TenGauge","Choices":[{"Display":"0"},{"Display":1},{"Display":2},{"Display":3},{"Display":4},{"Display":5},{"Display":6},{"Display":7},{"Display":8},{"Display":9},{"Display":10}],"DataVisibility":{"Private":false,"Hidden":false}}},{"SurveyID":"SV_9FEZeAf4THhZKZM","Element":"SQ","PrimaryAttribute":"QID8","SecondaryAttribute":"\u00ab Come vuole che ci si senta , quando ci sono stati due morti ? \u00bb","TertiaryAttribute":null,"Payload":{"QuestionText":"\u00ab Come vuole che ci si senta , quando ci sono stati due morti ? \u00bb\n","QuestionID":"QID8","QuestionType":"MC","Selector":"SB","QuestionDescription":"\u00ab Come vuole che ci si senta , quando ci sono stati due morti ? \u00bb","Choices":{"1":{"Display":"choice a"},"2":{"Display":"choice b"},"3":{"Display":"choice c"}},"ChoiceOrder":["1","2","3"],"Validation":{"Settings":{"Type":"None"}},"Language":[],"DataExportTag":"QID8"}},{"SurveyID":"SV_9FEZeAf4THhZKZM","Element":"SQ","PrimaryAttribute":"QID9","SecondaryAttribute":"\u00ab Come vuole che ci si senta , quando ci sono stati due morti ? \u00bb","TertiaryAttribute":null,"Payload":{"QuestionText":"\u00ab Come vuole che ci si senta , quando ci sono stati due morti ? \u00bb\n","QuestionID":"QID9","QuestionType":"MC","Selector":"SB","QuestionDescription":"\u00ab Come vuole che ci si senta , quando ci sono stati due morti ? \u00bb","Choices":{"1":{"Display":"choice a"},"2":{"Display":"choice b"},"3":{"Display":"choice c"}},"ChoiceOrder":["1","2","3"],"Validation":{"Settings":{"Type":"None"}},"Language":[],"DataExportTag":"QID9"}},{"SurveyID":"SV_9FEZeAf4THhZKZM","Element":"SQ","PrimaryAttribute":"QID10","SecondaryAttribute":"\u00ab Come vuole che ci si senta , quando ci sono stati due morti ? \u00bb","TertiaryAttribute":null,"Payload":{"QuestionText":"\u00ab Come vuole che ci si senta , quando ci sono stati due morti ? \u00bb\n","QuestionID":"QID10","QuestionType":"MC","Selector":"SB","QuestionDescription":"\u00ab Come vuole che ci si senta , quando ci sono stati due morti ? \u00bb","Choices":{"1":{"Display":"choice a"},"2":{"Display":"choice b"},"3":{"Display":"choice c"}},"ChoiceOrder":["1","2","3"],"Validation":{"Settings":{"Type":"None"}},"Language":[],"DataExportTag":"QID10"}},{"SurveyID":"SV_9FEZeAf4THhZKZM","Element":"SQ","PrimaryAttribute":"QID3","SecondaryAttribute":"Click to write the question text","TertiaryAttribute":null,"Payload":{"QuestionText":"Click to write the question text","DataExportTag":"Q3","QuestionType":"MC","Selector":"SAVR","SubSelector":"TX","Configuration":{"QuestionDescriptionOption":"UseText"},"QuestionDescription":"Click to write the question text","Choices":{"1":{"Display":"Click to write Choice 1"},"2":{"Display":"Click to write Choice 2"},"3":{"Display":"Click to write Choice 3"}},"ChoiceOrder":["1","2","3"],"Validation":{"Settings":{"ForceResponse":"OFF","Type":"None"}},"Language":[],"NextChoiceId":4,"NextAnswerId":1,"QuestionID":"QID3"}},{"SurveyID":"SV_9FEZeAf4THhZKZM","Element":"RS","PrimaryAttribute":"RS_54EOH5vTl9JZcuW","SecondaryAttribute":"Default Response Set","TertiaryAttribute":null,"Payload":null},{"SurveyID":"SV_9FEZeAf4THhZKZM","Element":"SQ","PrimaryAttribute":"QID2","SecondaryAttribute":"Per ciascuna frase usa il tachimetro per valutare quanto si sofferma, secondo te, sulla colpa del...","TertiaryAttribute":null,"Payload":{"QuestionText":"<strong>Per ciascuna frase usa il tachimetro per valutare quanto si sofferma, secondo te, sulla colpa dell\u2019assassino<\/strong>","DefaultChoices":false,"DataExportTag":"Q2","QuestionID":"QID2","QuestionType":"DB","Selector":"TB","Configuration":{"QuestionDescriptionOption":"UseText"},"QuestionDescription":"Per ciascuna frase usa il tachimetro per valutare quanto si sofferma, secondo te, sulla colpa del...","ChoiceOrder":[],"Validation":{"Settings":{"Type":"None"}},"GradingData":[],"Language":[],"NextChoiceId":4,"NextAnswerId":1,"DataVisibility":{"Private":false,"Hidden":false}}},{"SurveyID":"SV_9FEZeAf4THhZKZM","Element":"SQ","PrimaryAttribute":"QID7","SecondaryAttribute":"Per ciascuna frase usa il tachimetro per valutare quanto si sofferma, secondo te, sulla colpa del...","TertiaryAttribute":null,"Payload":{"QuestionText":"\nPer ciascuna frase usa il tachimetro per valutare quanto si sofferma, secondo te, sulla colpa dell\u2019assassino\n\n","QuestionID":"QID7","QuestionType":"DB","Selector":"TB","QuestionDescription":"Per ciascuna frase usa il tachimetro per valutare quanto si sofferma, secondo te, sulla colpa del...","Validation":{"Settings":{"Type":"None"}},"Language":[],"DataExportTag":"QID7"}},{"SurveyID":"SV_9FEZeAf4THhZKZM","Element":"SQ","PrimaryAttribute":"QID6","SecondaryAttribute":"Usa il \"termometro\" per indicare quanto \u00e8 probabile che tutte le tre frasi descrivano gli stessi...","TertiaryAttribute":null,"Payload":{"QuestionText":"<strong>Usa il &quot;termometro&quot; per indicare quanto &egrave; probabile che tutte le tre frasi descrivano gli stessi fatti.<\/strong>","DefaultChoices":false,"DataExportTag":"Q6","QuestionID":"QID6","QuestionType":"SS","Selector":"TA","Configuration":{"QuestionDescriptionOption":"UseText"},"QuestionDescription":"Usa il \"termometro\" per indicare quanto \u00e8 probabile che tutte le tre frasi descrivano gli stessi...","Validation":{"Settings":{"ForceResponse":"OFF"}},"GradingData":[],"Language":[],"NextChoiceId":12,"NextAnswerId":1,"Category":"Gauges","Scale":"Thermometer","Choices":[{"Display":"0"},{"Display":1},{"Display":2},{"Display":3},{"Display":4},{"Display":5},{"Display":6},{"Display":7},{"Display":8},{"Display":9},{"Display":10}]}}]}